// !$*UTF8*$!
{
	archiveVersion = 1;
	classes = {
	};
	objectVersion = 50;
	objects = {

/* Begin PBXBuildFile section */
		FC16529322062EE700097AB9 /* AppDelegate.swift in Sources */ = {isa = PBXBuildFile; fileRef = FC16529222062EE700097AB9 /* AppDelegate.swift */; };
		FC16529522062EE700097AB9 /* SignInViewController.swift in Sources */ = {isa = PBXBuildFile; fileRef = FC16529422062EE700097AB9 /* SignInViewController.swift */; };
		FC16529822062EE700097AB9 /* Main.storyboard in Resources */ = {isa = PBXBuildFile; fileRef = FC16529622062EE700097AB9 /* Main.storyboard */; };
		FC16529A22062EE800097AB9 /* Assets.xcassets in Resources */ = {isa = PBXBuildFile; fileRef = FC16529922062EE800097AB9 /* Assets.xcassets */; };
		FC16529D22062EE800097AB9 /* LaunchScreen.storyboard in Resources */ = {isa = PBXBuildFile; fileRef = FC16529B22062EE800097AB9 /* LaunchScreen.storyboard */; };
		FC1652C22206304B00097AB9 /* .swiftlint.yml in Resources */ = {isa = PBXBuildFile; fileRef = FC1652C12206304B00097AB9 /* .swiftlint.yml */; };
		FC1652C82206306900097AB9 /* RxAtomic.framework in Frameworks */ = {isa = PBXBuildFile; fileRef = FC1652C42206306800097AB9 /* RxAtomic.framework */; };
		FC1652C92206306900097AB9 /* RxSwift.framework in Frameworks */ = {isa = PBXBuildFile; fileRef = FC1652C52206306800097AB9 /* RxSwift.framework */; };
		FC1652CA2206306900097AB9 /* RxBlocking.framework in Frameworks */ = {isa = PBXBuildFile; fileRef = FC1652C62206306800097AB9 /* RxBlocking.framework */; };
		FC1652CB2206306900097AB9 /* RxCocoa.framework in Frameworks */ = {isa = PBXBuildFile; fileRef = FC1652C72206306800097AB9 /* RxCocoa.framework */; };
		FC328DE22208D25D00A01783 /* EndPoint.swift in Sources */ = {isa = PBXBuildFile; fileRef = FC328DE12208D25D00A01783 /* EndPoint.swift */; };
		FC328DE52208D86100A01783 /* HTTPTask.swift in Sources */ = {isa = PBXBuildFile; fileRef = FC328DE42208D86100A01783 /* HTTPTask.swift */; };
		FC328DE72208D86F00A01783 /* HTTPMethod.swift in Sources */ = {isa = PBXBuildFile; fileRef = FC328DE62208D86F00A01783 /* HTTPMethod.swift */; };
		FC328DE92208D95B00A01783 /* NetworkError.swift in Sources */ = {isa = PBXBuildFile; fileRef = FC328DE82208D95B00A01783 /* NetworkError.swift */; };
		FC328DEB2208D96C00A01783 /* URLRequest + .swift in Sources */ = {isa = PBXBuildFile; fileRef = FC328DEA2208D96C00A01783 /* URLRequest + .swift */; };
		FC328DED2208DCAE00A01783 /* Router.swift in Sources */ = {isa = PBXBuildFile; fileRef = FC328DEC2208DCAE00A01783 /* Router.swift */; };
/* End PBXBuildFile section */

/* Begin PBXFileReference section */
		FC16528F22062EE700097AB9 /* RxSwift_MVC.app */ = {isa = PBXFileReference; explicitFileType = wrapper.application; includeInIndex = 0; path = RxSwift_MVC.app; sourceTree = BUILT_PRODUCTS_DIR; };
		FC16529222062EE700097AB9 /* AppDelegate.swift */ = {isa = PBXFileReference; lastKnownFileType = sourcecode.swift; path = AppDelegate.swift; sourceTree = "<group>"; };
		FC16529422062EE700097AB9 /* SignInViewController.swift */ = {isa = PBXFileReference; lastKnownFileType = sourcecode.swift; path = SignInViewController.swift; sourceTree = "<group>"; };
		FC16529722062EE700097AB9 /* Base */ = {isa = PBXFileReference; lastKnownFileType = file.storyboard; name = Base; path = Base.lproj/Main.storyboard; sourceTree = "<group>"; };
		FC16529922062EE800097AB9 /* Assets.xcassets */ = {isa = PBXFileReference; lastKnownFileType = folder.assetcatalog; path = Assets.xcassets; sourceTree = "<group>"; };
		FC16529C22062EE800097AB9 /* Base */ = {isa = PBXFileReference; lastKnownFileType = file.storyboard; name = Base; path = Base.lproj/LaunchScreen.storyboard; sourceTree = "<group>"; };
		FC16529E22062EE800097AB9 /* Info.plist */ = {isa = PBXFileReference; lastKnownFileType = text.plist.xml; path = Info.plist; sourceTree = "<group>"; };
		FC1652C12206304B00097AB9 /* .swiftlint.yml */ = {isa = PBXFileReference; lastKnownFileType = text; path = .swiftlint.yml; sourceTree = "<group>"; };
		FC1652C42206306800097AB9 /* RxAtomic.framework */ = {isa = PBXFileReference; lastKnownFileType = wrapper.framework; name = RxAtomic.framework; path = Carthage/Build/iOS/RxAtomic.framework; sourceTree = "<group>"; };
		FC1652C52206306800097AB9 /* RxSwift.framework */ = {isa = PBXFileReference; lastKnownFileType = wrapper.framework; name = RxSwift.framework; path = Carthage/Build/iOS/RxSwift.framework; sourceTree = "<group>"; };
		FC1652C62206306800097AB9 /* RxBlocking.framework */ = {isa = PBXFileReference; lastKnownFileType = wrapper.framework; name = RxBlocking.framework; path = Carthage/Build/iOS/RxBlocking.framework; sourceTree = "<group>"; };
		FC1652C72206306800097AB9 /* RxCocoa.framework */ = {isa = PBXFileReference; lastKnownFileType = wrapper.framework; name = RxCocoa.framework; path = Carthage/Build/iOS/RxCocoa.framework; sourceTree = "<group>"; };
		FC328DE12208D25D00A01783 /* EndPoint.swift */ = {isa = PBXFileReference; lastKnownFileType = sourcecode.swift; path = EndPoint.swift; sourceTree = "<group>"; };
		FC328DE42208D86100A01783 /* HTTPTask.swift */ = {isa = PBXFileReference; lastKnownFileType = sourcecode.swift; path = HTTPTask.swift; sourceTree = "<group>"; };
		FC328DE62208D86F00A01783 /* HTTPMethod.swift */ = {isa = PBXFileReference; lastKnownFileType = sourcecode.swift; path = HTTPMethod.swift; sourceTree = "<group>"; };
		FC328DE82208D95B00A01783 /* NetworkError.swift */ = {isa = PBXFileReference; lastKnownFileType = sourcecode.swift; path = NetworkError.swift; sourceTree = "<group>"; };
		FC328DEA2208D96C00A01783 /* URLRequest + .swift */ = {isa = PBXFileReference; lastKnownFileType = sourcecode.swift; path = "URLRequest + .swift"; sourceTree = "<group>"; };
		FC328DEC2208DCAE00A01783 /* Router.swift */ = {isa = PBXFileReference; lastKnownFileType = sourcecode.swift; path = Router.swift; sourceTree = "<group>"; };
/* End PBXFileReference section */

/* Begin PBXFrameworksBuildPhase section */
		FC16528C22062EE700097AB9 /* Frameworks */ = {
			isa = PBXFrameworksBuildPhase;
			buildActionMask = 2147483647;
			files = (
				FC1652C82206306900097AB9 /* RxAtomic.framework in Frameworks */,
				FC1652C92206306900097AB9 /* RxSwift.framework in Frameworks */,
				FC1652CA2206306900097AB9 /* RxBlocking.framework in Frameworks */,
				FC1652CB2206306900097AB9 /* RxCocoa.framework in Frameworks */,
			);
			runOnlyForDeploymentPostprocessing = 0;
		};
/* End PBXFrameworksBuildPhase section */

/* Begin PBXGroup section */
		FC16528622062EE700097AB9 = {
			isa = PBXGroup;
			children = (
				FC1652C12206304B00097AB9 /* .swiftlint.yml */,
				FC16529122062EE700097AB9 /* RxSwift_MVC */,
				FC16529022062EE700097AB9 /* Products */,
				FC1652C32206306800097AB9 /* Frameworks */,
			);
			sourceTree = "<group>";
		};
		FC16529022062EE700097AB9 /* Products */ = {
			isa = PBXGroup;
			children = (
				FC16528F22062EE700097AB9 /* RxSwift_MVC.app */,
			);
			name = Products;
			sourceTree = "<group>";
		};
		FC16529122062EE700097AB9 /* RxSwift_MVC */ = {
			isa = PBXGroup;
			children = (
				FC16529222062EE700097AB9 /* AppDelegate.swift */,
				FC16529E22062EE800097AB9 /* Info.plist */,
				FC328DE32208D84F00A01783 /* Network */,
				FC1652D02206582B00097AB9 /* Resource */,
				FC1652CD220657EE00097AB9 /* Model */,
				FC1652CE220657F400097AB9 /* View */,
				FC1652CC220657E500097AB9 /* ViewController */,
				FC1652CF2206581800097AB9 /* Storyboard */,
			);
			path = RxSwift_MVC;
			sourceTree = "<group>";
		};
		FC1652C32206306800097AB9 /* Frameworks */ = {
			isa = PBXGroup;
			children = (
				FC1652C42206306800097AB9 /* RxAtomic.framework */,
				FC1652C62206306800097AB9 /* RxBlocking.framework */,
				FC1652C72206306800097AB9 /* RxCocoa.framework */,
				FC1652C52206306800097AB9 /* RxSwift.framework */,
			);
			name = Frameworks;
			sourceTree = "<group>";
		};
		FC1652CC220657E500097AB9 /* ViewController */ = {
			isa = PBXGroup;
			children = (
				FC16529422062EE700097AB9 /* SignInViewController.swift */,
			);
			path = ViewController;
			sourceTree = "<group>";
		};
		FC1652CD220657EE00097AB9 /* Model */ = {
			isa = PBXGroup;
			children = (
			);
			path = Model;
			sourceTree = "<group>";
		};
		FC1652CE220657F400097AB9 /* View */ = {
			isa = PBXGroup;
			children = (
			);
			path = View;
			sourceTree = "<group>";
		};
		FC1652CF2206581800097AB9 /* Storyboard */ = {
			isa = PBXGroup;
			children = (
				FC16529B22062EE800097AB9 /* LaunchScreen.storyboard */,
				FC16529622062EE700097AB9 /* Main.storyboard */,
			);
			path = Storyboard;
			sourceTree = "<group>";
		};
		FC1652D02206582B00097AB9 /* Resource */ = {
			isa = PBXGroup;
			children = (
				FC16529922062EE800097AB9 /* Assets.xcassets */,
			);
			path = Resource;
			sourceTree = "<group>";
		};
		FC328DE32208D84F00A01783 /* Network */ = {
			isa = PBXGroup;
			children = (
				FC328DE12208D25D00A01783 /* EndPoint.swift */,
				FC328DE62208D86F00A01783 /* HTTPMethod.swift */,
				FC328DE42208D86100A01783 /* HTTPTask.swift */,
				FC328DEA2208D96C00A01783 /* URLRequest + .swift */,
				FC328DE82208D95B00A01783 /* NetworkError.swift */,
				FC328DEC2208DCAE00A01783 /* Router.swift */,
			);
			path = Network;
			sourceTree = "<group>";
		};
/* End PBXGroup section */

/* Begin PBXNativeTarget section */
		FC16528E22062EE700097AB9 /* RxSwift_MVC */ = {
			isa = PBXNativeTarget;
			buildConfigurationList = FC1652B722062EE800097AB9 /* Build configuration list for PBXNativeTarget "RxSwift_MVC" */;
			buildPhases = (
				FC16528B22062EE700097AB9 /* Sources */,
				FC16528C22062EE700097AB9 /* Frameworks */,
				FC16528D22062EE700097AB9 /* Resources */,
				FC1652C022062EFC00097AB9 /* ShellScript */,
			);
			buildRules = (
			);
			dependencies = (
			);
			name = RxSwift_MVC;
			productName = RxSwift_Example;
			productReference = FC16528F22062EE700097AB9 /* RxSwift_MVC.app */;
			productType = "com.apple.product-type.application";
		};
/* End PBXNativeTarget section */

/* Begin PBXProject section */
		FC16528722062EE700097AB9 /* Project object */ = {
			isa = PBXProject;
			attributes = {
				LastSwiftUpdateCheck = 1010;
				LastUpgradeCheck = 1010;
				ORGANIZATIONNAME = GwangYongLee;
				TargetAttributes = {
					FC16528E22062EE700097AB9 = {
						CreatedOnToolsVersion = 10.1;
					};
				};
			};
			buildConfigurationList = FC16528A22062EE700097AB9 /* Build configuration list for PBXProject "RxSwift_Example" */;
			compatibilityVersion = "Xcode 9.3";
			developmentRegion = en;
			hasScannedForEncodings = 0;
			knownRegions = (
				en,
				Base,
			);
			mainGroup = FC16528622062EE700097AB9;
			productRefGroup = FC16529022062EE700097AB9 /* Products */;
			projectDirPath = "";
			projectRoot = "";
			targets = (
				FC16528E22062EE700097AB9 /* RxSwift_MVC */,
			);
		};
/* End PBXProject section */

/* Begin PBXResourcesBuildPhase section */
		FC16528D22062EE700097AB9 /* Resources */ = {
			isa = PBXResourcesBuildPhase;
			buildActionMask = 2147483647;
			files = (
				FC1652C22206304B00097AB9 /* .swiftlint.yml in Resources */,
				FC16529D22062EE800097AB9 /* LaunchScreen.storyboard in Resources */,
				FC16529A22062EE800097AB9 /* Assets.xcassets in Resources */,
				FC16529822062EE700097AB9 /* Main.storyboard in Resources */,
			);
			runOnlyForDeploymentPostprocessing = 0;
		};
/* End PBXResourcesBuildPhase section */

/* Begin PBXShellScriptBuildPhase section */
		FC1652C022062EFC00097AB9 /* ShellScript */ = {
			isa = PBXShellScriptBuildPhase;
			buildActionMask = 2147483647;
			files = (
			);
			inputFileListPaths = (
			);
			inputPaths = (
				"$(SRCROOT)/Carthage/Build/iOS/RxAtomic.framework",
				"$(SRCROOT)/Carthage/Build/iOS/RxBlocking.framework",
				"$(SRCROOT)/Carthage/Build/iOS/RxCocoa.framework",
				"$(SRCROOT)/Carthage/Build/iOS/RxSwift.framework",
			);
			outputFileListPaths = (
			);
			outputPaths = (
			);
			runOnlyForDeploymentPostprocessing = 0;
			shellPath = /bin/sh;
			shellScript = "# SwiftLint\nif which swiftlint >/dev/null; then\nswiftlint\nelse\necho \"warning: SwiftLint not installed, download from https://github.com/realm/SwiftLint\"\nfi\n\n# Carthage\n/usr/local/bin/carthage copy-frameworks\n";
		};
/* End PBXShellScriptBuildPhase section */

/* Begin PBXSourcesBuildPhase section */
		FC16528B22062EE700097AB9 /* Sources */ = {
			isa = PBXSourcesBuildPhase;
			buildActionMask = 2147483647;
			files = (
				FC328DE52208D86100A01783 /* HTTPTask.swift in Sources */,
				FC328DE22208D25D00A01783 /* EndPoint.swift in Sources */,
				FC328DEB2208D96C00A01783 /* URLRequest + .swift in Sources */,
				FC16529522062EE700097AB9 /* SignInViewController.swift in Sources */,
				FC328DE92208D95B00A01783 /* NetworkError.swift in Sources */,
				FC328DED2208DCAE00A01783 /* Router.swift in Sources */,
				FC328DE72208D86F00A01783 /* HTTPMethod.swift in Sources */,
				FC16529322062EE700097AB9 /* AppDelegate.swift in Sources */,
			);
			runOnlyForDeploymentPostprocessing = 0;
		};
/* End PBXSourcesBuildPhase section */

/* Begin PBXVariantGroup section */
		FC16529622062EE700097AB9 /* Main.storyboard */ = {
			isa = PBXVariantGroup;
			children = (
				FC16529722062EE700097AB9 /* Base */,
			);
			name = Main.storyboard;
			sourceTree = "<group>";
		};
		FC16529B22062EE800097AB9 /* LaunchScreen.storyboard */ = {
			isa = PBXVariantGroup;
			children = (
				FC16529C22062EE800097AB9 /* Base */,
			);
			name = LaunchScreen.storyboard;
			sourceTree = "<group>";
		};
/* End PBXVariantGroup section */

/* Begin XCBuildConfiguration section */
		FC1652B522062EE800097AB9 /* Debug */ = {
			isa = XCBuildConfiguration;
			buildSettings = {
				ALWAYS_SEARCH_USER_PATHS = NO;
				CLANG_ANALYZER_NONNULL = YES;
				CLANG_ANALYZER_NUMBER_OBJECT_CONVERSION = YES_AGGRESSIVE;
				CLANG_CXX_LANGUAGE_STANDARD = "gnu++14";
				CLANG_CXX_LIBRARY = "libc++";
				CLANG_ENABLE_MODULES = YES;
				CLANG_ENABLE_OBJC_ARC = YES;
				CLANG_ENABLE_OBJC_WEAK = YES;
				CLANG_WARN_BLOCK_CAPTURE_AUTORELEASING = YES;
				CLANG_WARN_BOOL_CONVERSION = YES;
				CLANG_WARN_COMMA = YES;
				CLANG_WARN_CONSTANT_CONVERSION = YES;
				CLANG_WARN_DEPRECATED_OBJC_IMPLEMENTATIONS = YES;
				CLANG_WARN_DIRECT_OBJC_ISA_USAGE = YES_ERROR;
				CLANG_WARN_DOCUMENTATION_COMMENTS = YES;
				CLANG_WARN_EMPTY_BODY = YES;
				CLANG_WARN_ENUM_CONVERSION = YES;
				CLANG_WARN_INFINITE_RECURSION = YES;
				CLANG_WARN_INT_CONVERSION = YES;
				CLANG_WARN_NON_LITERAL_NULL_CONVERSION = YES;
				CLANG_WARN_OBJC_IMPLICIT_RETAIN_SELF = YES;
				CLANG_WARN_OBJC_LITERAL_CONVERSION = YES;
				CLANG_WARN_OBJC_ROOT_CLASS = YES_ERROR;
				CLANG_WARN_RANGE_LOOP_ANALYSIS = YES;
				CLANG_WARN_STRICT_PROTOTYPES = YES;
				CLANG_WARN_SUSPICIOUS_MOVE = YES;
				CLANG_WARN_UNGUARDED_AVAILABILITY = YES_AGGRESSIVE;
				CLANG_WARN_UNREACHABLE_CODE = YES;
				CLANG_WARN__DUPLICATE_METHOD_MATCH = YES;
				CODE_SIGN_IDENTITY = "iPhone Developer";
				COPY_PHASE_STRIP = NO;
				DEBUG_INFORMATION_FORMAT = dwarf;
				ENABLE_STRICT_OBJC_MSGSEND = YES;
				ENABLE_TESTABILITY = YES;
				GCC_C_LANGUAGE_STANDARD = gnu11;
				GCC_DYNAMIC_NO_PIC = NO;
				GCC_NO_COMMON_BLOCKS = YES;
				GCC_OPTIMIZATION_LEVEL = 0;
				GCC_PREPROCESSOR_DEFINITIONS = (
					"DEBUG=1",
					"$(inherited)",
				);
				GCC_WARN_64_TO_32_BIT_CONVERSION = YES;
				GCC_WARN_ABOUT_RETURN_TYPE = YES_ERROR;
				GCC_WARN_UNDECLARED_SELECTOR = YES;
				GCC_WARN_UNINITIALIZED_AUTOS = YES_AGGRESSIVE;
				GCC_WARN_UNUSED_FUNCTION = YES;
				GCC_WARN_UNUSED_VARIABLE = YES;
				IPHONEOS_DEPLOYMENT_TARGET = 12.1;
				MTL_ENABLE_DEBUG_INFO = INCLUDE_SOURCE;
				MTL_FAST_MATH = YES;
				ONLY_ACTIVE_ARCH = YES;
				SDKROOT = iphoneos;
				SWIFT_ACTIVE_COMPILATION_CONDITIONS = DEBUG;
				SWIFT_OPTIMIZATION_LEVEL = "-Onone";
			};
			name = Debug;
		};
		FC1652B622062EE800097AB9 /* Release */ = {
			isa = XCBuildConfiguration;
			buildSettings = {
				ALWAYS_SEARCH_USER_PATHS = NO;
				CLANG_ANALYZER_NONNULL = YES;
				CLANG_ANALYZER_NUMBER_OBJECT_CONVERSION = YES_AGGRESSIVE;
				CLANG_CXX_LANGUAGE_STANDARD = "gnu++14";
				CLANG_CXX_LIBRARY = "libc++";
				CLANG_ENABLE_MODULES = YES;
				CLANG_ENABLE_OBJC_ARC = YES;
				CLANG_ENABLE_OBJC_WEAK = YES;
				CLANG_WARN_BLOCK_CAPTURE_AUTORELEASING = YES;
				CLANG_WARN_BOOL_CONVERSION = YES;
				CLANG_WARN_COMMA = YES;
				CLANG_WARN_CONSTANT_CONVERSION = YES;
				CLANG_WARN_DEPRECATED_OBJC_IMPLEMENTATIONS = YES;
				CLANG_WARN_DIRECT_OBJC_ISA_USAGE = YES_ERROR;
				CLANG_WARN_DOCUMENTATION_COMMENTS = YES;
				CLANG_WARN_EMPTY_BODY = YES;
				CLANG_WARN_ENUM_CONVERSION = YES;
				CLANG_WARN_INFINITE_RECURSION = YES;
				CLANG_WARN_INT_CONVERSION = YES;
				CLANG_WARN_NON_LITERAL_NULL_CONVERSION = YES;
				CLANG_WARN_OBJC_IMPLICIT_RETAIN_SELF = YES;
				CLANG_WARN_OBJC_LITERAL_CONVERSION = YES;
				CLANG_WARN_OBJC_ROOT_CLASS = YES_ERROR;
				CLANG_WARN_RANGE_LOOP_ANALYSIS = YES;
				CLANG_WARN_STRICT_PROTOTYPES = YES;
				CLANG_WARN_SUSPICIOUS_MOVE = YES;
				CLANG_WARN_UNGUARDED_AVAILABILITY = YES_AGGRESSIVE;
				CLANG_WARN_UNREACHABLE_CODE = YES;
				CLANG_WARN__DUPLICATE_METHOD_MATCH = YES;
				CODE_SIGN_IDENTITY = "iPhone Developer";
				COPY_PHASE_STRIP = NO;
				DEBUG_INFORMATION_FORMAT = "dwarf-with-dsym";
				ENABLE_NS_ASSERTIONS = NO;
				ENABLE_STRICT_OBJC_MSGSEND = YES;
				GCC_C_LANGUAGE_STANDARD = gnu11;
				GCC_NO_COMMON_BLOCKS = YES;
				GCC_WARN_64_TO_32_BIT_CONVERSION = YES;
				GCC_WARN_ABOUT_RETURN_TYPE = YES_ERROR;
				GCC_WARN_UNDECLARED_SELECTOR = YES;
				GCC_WARN_UNINITIALIZED_AUTOS = YES_AGGRESSIVE;
				GCC_WARN_UNUSED_FUNCTION = YES;
				GCC_WARN_UNUSED_VARIABLE = YES;
				IPHONEOS_DEPLOYMENT_TARGET = 12.1;
				MTL_ENABLE_DEBUG_INFO = NO;
				MTL_FAST_MATH = YES;
				SDKROOT = iphoneos;
				SWIFT_COMPILATION_MODE = wholemodule;
				SWIFT_OPTIMIZATION_LEVEL = "-O";
				VALIDATE_PRODUCT = YES;
			};
			name = Release;
		};
		FC1652B822062EE800097AB9 /* Debug */ = {
			isa = XCBuildConfiguration;
			buildSettings = {
				ASSETCATALOG_COMPILER_APPICON_NAME = AppIcon;
				CODE_SIGN_STYLE = Automatic;
				DEVELOPMENT_TEAM = EPWV8KDDJE;
				FRAMEWORK_SEARCH_PATHS = (
					"$(inherited)",
					"$(PROJECT_DIR)/Carthage/Build/iOS",
				);
				INFOPLIST_FILE = "$(SRCROOT)/RxSwift_MVC/Info.plist";
				LD_RUNPATH_SEARCH_PATHS = (
					"$(inherited)",
					"@executable_path/Frameworks",
				);
				PRODUCT_BUNDLE_IDENTIFIER = "com.GwangYongLee.RxSwift-Example";
				PRODUCT_NAME = "$(TARGET_NAME)";
				SWIFT_VERSION = 4.2;
				TARGETED_DEVICE_FAMILY = "1,2";
			};
			name = Debug;
		};
		FC1652B922062EE800097AB9 /* Release */ = {
			isa = XCBuildConfiguration;
			buildSettings = {
				ASSETCATALOG_COMPILER_APPICON_NAME = AppIcon;
				CODE_SIGN_STYLE = Automatic;
				DEVELOPMENT_TEAM = EPWV8KDDJE;
				FRAMEWORK_SEARCH_PATHS = (
					"$(inherited)",
					"$(PROJECT_DIR)/Carthage/Build/iOS",
				);
				INFOPLIST_FILE = "$(SRCROOT)/RxSwift_MVC/Info.plist";
				LD_RUNPATH_SEARCH_PATHS = (
					"$(inherited)",
					"@executable_path/Frameworks",
				);
				PRODUCT_BUNDLE_IDENTIFIER = "com.GwangYongLee.RxSwift-Example";
				PRODUCT_NAME = "$(TARGET_NAME)";
				SWIFT_VERSION = 4.2;
				TARGETED_DEVICE_FAMILY = "1,2";
			};
			name = Release;
		};
/* End XCBuildConfiguration section */

/* Begin XCConfigurationList section */
		FC16528A22062EE700097AB9 /* Build configuration list for PBXProject "RxSwift_Example" */ = {
			isa = XCConfigurationList;
			buildConfigurations = (
				FC1652B522062EE800097AB9 /* Debug */,
				FC1652B622062EE800097AB9 /* Release */,
			);
			defaultConfigurationIsVisible = 0;
			defaultConfigurationName = Release;
		};
		FC1652B722062EE800097AB9 /* Build configuration list for PBXNativeTarget "RxSwift_MVC" */ = {
			isa = XCConfigurationList;
			buildConfigurations = (
				FC1652B822062EE800097AB9 /* Debug */,
				FC1652B922062EE800097AB9 /* Release */,
			);
			defaultConfigurationIsVisible = 0;
			defaultConfigurationName = Release;
		};
/* End XCConfigurationList section */
	};
	rootObject = FC16528722062EE700097AB9 /* Project object */;
}
