// !$*UTF8*$!
{
	archiveVersion = 1;
	classes = {
	};
	objectVersion = 50;
	objects = {

/* Begin PBXBuildFile section */
		FC16529322062EE700097AB9 /* AppDelegate.swift in Sources */ = {isa = PBXBuildFile; fileRef = FC16529222062EE700097AB9 /* AppDelegate.swift */; };
		FC16529522062EE700097AB9 /* ViewController.swift in Sources */ = {isa = PBXBuildFile; fileRef = FC16529422062EE700097AB9 /* ViewController.swift */; };
		FC16529822062EE700097AB9 /* Main.storyboard in Resources */ = {isa = PBXBuildFile; fileRef = FC16529622062EE700097AB9 /* Main.storyboard */; };
		FC16529A22062EE800097AB9 /* Assets.xcassets in Resources */ = {isa = PBXBuildFile; fileRef = FC16529922062EE800097AB9 /* Assets.xcassets */; };
		FC16529D22062EE800097AB9 /* LaunchScreen.storyboard in Resources */ = {isa = PBXBuildFile; fileRef = FC16529B22062EE800097AB9 /* LaunchScreen.storyboard */; };
		FC1652A822062EE800097AB9 /* RxSwift_ExampleTests.swift in Sources */ = {isa = PBXBuildFile; fileRef = FC1652A722062EE800097AB9 /* RxSwift_ExampleTests.swift */; };
		FC1652B322062EE800097AB9 /* RxSwift_ExampleUITests.swift in Sources */ = {isa = PBXBuildFile; fileRef = FC1652B222062EE800097AB9 /* RxSwift_ExampleUITests.swift */; };
/* End PBXBuildFile section */

/* Begin PBXContainerItemProxy section */
		FC1652A422062EE800097AB9 /* PBXContainerItemProxy */ = {
			isa = PBXContainerItemProxy;
			containerPortal = FC16528722062EE700097AB9 /* Project object */;
			proxyType = 1;
			remoteGlobalIDString = FC16528E22062EE700097AB9;
			remoteInfo = RxSwift_Example;
		};
		FC1652AF22062EE800097AB9 /* PBXContainerItemProxy */ = {
			isa = PBXContainerItemProxy;
			containerPortal = FC16528722062EE700097AB9 /* Project object */;
			proxyType = 1;
			remoteGlobalIDString = FC16528E22062EE700097AB9;
			remoteInfo = RxSwift_Example;
		};
/* End PBXContainerItemProxy section */

/* Begin PBXFileReference section */
		FC16528F22062EE700097AB9 /* RxSwift_Example.app */ = {isa = PBXFileReference; explicitFileType = wrapper.application; includeInIndex = 0; path = RxSwift_Example.app; sourceTree = BUILT_PRODUCTS_DIR; };
		FC16529222062EE700097AB9 /* AppDelegate.swift */ = {isa = PBXFileReference; lastKnownFileType = sourcecode.swift; path = AppDelegate.swift; sourceTree = "<group>"; };
		FC16529422062EE700097AB9 /* ViewController.swift */ = {isa = PBXFileReference; lastKnownFileType = sourcecode.swift; path = ViewController.swift; sourceTree = "<group>"; };
		FC16529722062EE700097AB9 /* Base */ = {isa = PBXFileReference; lastKnownFileType = file.storyboard; name = Base; path = Base.lproj/Main.storyboard; sourceTree = "<group>"; };
		FC16529922062EE800097AB9 /* Assets.xcassets */ = {isa = PBXFileReference; lastKnownFileType = folder.assetcatalog; path = Assets.xcassets; sourceTree = "<group>"; };
		FC16529C22062EE800097AB9 /* Base */ = {isa = PBXFileReference; lastKnownFileType = file.storyboard; name = Base; path = Base.lproj/LaunchScreen.storyboard; sourceTree = "<group>"; };
		FC16529E22062EE800097AB9 /* Info.plist */ = {isa = PBXFileReference; lastKnownFileType = text.plist.xml; path = Info.plist; sourceTree = "<group>"; };
		FC1652A322062EE800097AB9 /* RxSwift_ExampleTests.xctest */ = {isa = PBXFileReference; explicitFileType = wrapper.cfbundle; includeInIndex = 0; path = RxSwift_ExampleTests.xctest; sourceTree = BUILT_PRODUCTS_DIR; };
		FC1652A722062EE800097AB9 /* RxSwift_ExampleTests.swift */ = {isa = PBXFileReference; lastKnownFileType = sourcecode.swift; path = RxSwift_ExampleTests.swift; sourceTree = "<group>"; };
		FC1652A922062EE800097AB9 /* Info.plist */ = {isa = PBXFileReference; lastKnownFileType = text.plist.xml; path = Info.plist; sourceTree = "<group>"; };
		FC1652AE22062EE800097AB9 /* RxSwift_ExampleUITests.xctest */ = {isa = PBXFileReference; explicitFileType = wrapper.cfbundle; includeInIndex = 0; path = RxSwift_ExampleUITests.xctest; sourceTree = BUILT_PRODUCTS_DIR; };
		FC1652B222062EE800097AB9 /* RxSwift_ExampleUITests.swift */ = {isa = PBXFileReference; lastKnownFileType = sourcecode.swift; path = RxSwift_ExampleUITests.swift; sourceTree = "<group>"; };
		FC1652B422062EE800097AB9 /* Info.plist */ = {isa = PBXFileReference; lastKnownFileType = text.plist.xml; path = Info.plist; sourceTree = "<group>"; };
/* End PBXFileReference section */

/* Begin PBXFrameworksBuildPhase section */
		FC16528C22062EE700097AB9 /* Frameworks */ = {
			isa = PBXFrameworksBuildPhase;
			buildActionMask = 2147483647;
			files = (
			);
			runOnlyForDeploymentPostprocessing = 0;
		};
		FC1652A022062EE800097AB9 /* Frameworks */ = {
			isa = PBXFrameworksBuildPhase;
			buildActionMask = 2147483647;
			files = (
			);
			runOnlyForDeploymentPostprocessing = 0;
		};
		FC1652AB22062EE800097AB9 /* Frameworks */ = {
			isa = PBXFrameworksBuildPhase;
			buildActionMask = 2147483647;
			files = (
			);
			runOnlyForDeploymentPostprocessing = 0;
		};
/* End PBXFrameworksBuildPhase section */

/* Begin PBXGroup section */
		FC16528622062EE700097AB9 = {
			isa = PBXGroup;
			children = (
				FC16529122062EE700097AB9 /* RxSwift_Example */,
				FC1652A622062EE800097AB9 /* RxSwift_ExampleTests */,
				FC1652B122062EE800097AB9 /* RxSwift_ExampleUITests */,
				FC16529022062EE700097AB9 /* Products */,
			);
			sourceTree = "<group>";
		};
		FC16529022062EE700097AB9 /* Products */ = {
			isa = PBXGroup;
			children = (
				FC16528F22062EE700097AB9 /* RxSwift_Example.app */,
				FC1652A322062EE800097AB9 /* RxSwift_ExampleTests.xctest */,
				FC1652AE22062EE800097AB9 /* RxSwift_ExampleUITests.xctest */,
			);
			name = Products;
			sourceTree = "<group>";
		};
		FC16529122062EE700097AB9 /* RxSwift_Example */ = {
			isa = PBXGroup;
			children = (
				FC16529222062EE700097AB9 /* AppDelegate.swift */,
				FC16529422062EE700097AB9 /* ViewController.swift */,
				FC16529622062EE700097AB9 /* Main.storyboard */,
				FC16529922062EE800097AB9 /* Assets.xcassets */,
				FC16529B22062EE800097AB9 /* LaunchScreen.storyboard */,
				FC16529E22062EE800097AB9 /* Info.plist */,
			);
			path = RxSwift_Example;
			sourceTree = "<group>";
		};
		FC1652A622062EE800097AB9 /* RxSwift_ExampleTests */ = {
			isa = PBXGroup;
			children = (
				FC1652A722062EE800097AB9 /* RxSwift_ExampleTests.swift */,
				FC1652A922062EE800097AB9 /* Info.plist */,
			);
			path = RxSwift_ExampleTests;
			sourceTree = "<group>";
		};
		FC1652B122062EE800097AB9 /* RxSwift_ExampleUITests */ = {
			isa = PBXGroup;
			children = (
				FC1652B222062EE800097AB9 /* RxSwift_ExampleUITests.swift */,
				FC1652B422062EE800097AB9 /* Info.plist */,
			);
			path = RxSwift_ExampleUITests;
			sourceTree = "<group>";
		};
/* End PBXGroup section */

/* Begin PBXNativeTarget section */
		FC16528E22062EE700097AB9 /* RxSwift_Example */ = {
			isa = PBXNativeTarget;
			buildConfigurationList = FC1652B722062EE800097AB9 /* Build configuration list for PBXNativeTarget "RxSwift_Example" */;
			buildPhases = (
				FC16528B22062EE700097AB9 /* Sources */,
				FC16528C22062EE700097AB9 /* Frameworks */,
				FC16528D22062EE700097AB9 /* Resources */,
			);
			buildRules = (
			);
			dependencies = (
			);
			name = RxSwift_Example;
			productName = RxSwift_Example;
			productReference = FC16528F22062EE700097AB9 /* RxSwift_Example.app */;
			productType = "com.apple.product-type.application";
		};
		FC1652A222062EE800097AB9 /* RxSwift_ExampleTests */ = {
			isa = PBXNativeTarget;
			buildConfigurationList = FC1652BA22062EE800097AB9 /* Build configuration list for PBXNativeTarget "RxSwift_ExampleTests" */;
			buildPhases = (
				FC16529F22062EE800097AB9 /* Sources */,
				FC1652A022062EE800097AB9 /* Frameworks */,
				FC1652A122062EE800097AB9 /* Resources */,
			);
			buildRules = (
			);
			dependencies = (
				FC1652A522062EE800097AB9 /* PBXTargetDependency */,
			);
			name = RxSwift_ExampleTests;
			productName = RxSwift_ExampleTests;
			productReference = FC1652A322062EE800097AB9 /* RxSwift_ExampleTests.xctest */;
			productType = "com.apple.product-type.bundle.unit-test";
		};
		FC1652AD22062EE800097AB9 /* RxSwift_ExampleUITests */ = {
			isa = PBXNativeTarget;
			buildConfigurationList = FC1652BD22062EE800097AB9 /* Build configuration list for PBXNativeTarget "RxSwift_ExampleUITests" */;
			buildPhases = (
				FC1652AA22062EE800097AB9 /* Sources */,
				FC1652AB22062EE800097AB9 /* Frameworks */,
				FC1652AC22062EE800097AB9 /* Resources */,
			);
			buildRules = (
			);
			dependencies = (
				FC1652B022062EE800097AB9 /* PBXTargetDependency */,
			);
			name = RxSwift_ExampleUITests;
			productName = RxSwift_ExampleUITests;
			productReference = FC1652AE22062EE800097AB9 /* RxSwift_ExampleUITests.xctest */;
			productType = "com.apple.product-type.bundle.ui-testing";
		};
/* End PBXNativeTarget section */

/* Begin PBXProject section */
		FC16528722062EE700097AB9 /* Project object */ = {
			isa = PBXProject;
			attributes = {
				LastSwiftUpdateCheck = 1010;
				LastUpgradeCheck = 1010;
				ORGANIZATIONNAME = GwangYongLee;
				TargetAttributes = {
					FC16528E22062EE700097AB9 = {
						CreatedOnToolsVersion = 10.1;
					};
					FC1652A222062EE800097AB9 = {
						CreatedOnToolsVersion = 10.1;
						TestTargetID = FC16528E22062EE700097AB9;
					};
					FC1652AD22062EE800097AB9 = {
						CreatedOnToolsVersion = 10.1;
						TestTargetID = FC16528E22062EE700097AB9;
					};
				};
			};
			buildConfigurationList = FC16528A22062EE700097AB9 /* Build configuration list for PBXProject "RxSwift_Example" */;
			compatibilityVersion = "Xcode 9.3";
			developmentRegion = en;
			hasScannedForEncodings = 0;
			knownRegions = (
				en,
				Base,
			);
			mainGroup = FC16528622062EE700097AB9;
			productRefGroup = FC16529022062EE700097AB9 /* Products */;
			projectDirPath = "";
			projectRoot = "";
			targets = (
				FC16528E22062EE700097AB9 /* RxSwift_Example */,
				FC1652A222062EE800097AB9 /* RxSwift_ExampleTests */,
				FC1652AD22062EE800097AB9 /* RxSwift_ExampleUITests */,
			);
		};
/* End PBXProject section */

/* Begin PBXResourcesBuildPhase section */
		FC16528D22062EE700097AB9 /* Resources */ = {
			isa = PBXResourcesBuildPhase;
			buildActionMask = 2147483647;
			files = (
				FC16529D22062EE800097AB9 /* LaunchScreen.storyboard in Resources */,
				FC16529A22062EE800097AB9 /* Assets.xcassets in Resources */,
				FC16529822062EE700097AB9 /* Main.storyboard in Resources */,
			);
			runOnlyForDeploymentPostprocessing = 0;
		};
		FC1652A122062EE800097AB9 /* Resources */ = {
			isa = PBXResourcesBuildPhase;
			buildActionMask = 2147483647;
			files = (
			);
			runOnlyForDeploymentPostprocessing = 0;
		};
		FC1652AC22062EE800097AB9 /* Resources */ = {
			isa = PBXResourcesBuildPhase;
			buildActionMask = 2147483647;
			files = (
			);
			runOnlyForDeploymentPostprocessing = 0;
		};
/* End PBXResourcesBuildPhase section */

/* Begin PBXSourcesBuildPhase section */
		FC16528B22062EE700097AB9 /* Sources */ = {
			isa = PBXSourcesBuildPhase;
			buildActionMask = 2147483647;
			files = (
				FC16529522062EE700097AB9 /* ViewController.swift in Sources */,
				FC16529322062EE700097AB9 /* AppDelegate.swift in Sources */,
			);
			runOnlyForDeploymentPostprocessing = 0;
		};
		FC16529F22062EE800097AB9 /* Sources */ = {
			isa = PBXSourcesBuildPhase;
			buildActionMask = 2147483647;
			files = (
				FC1652A822062EE800097AB9 /* RxSwift_ExampleTests.swift in Sources */,
			);
			runOnlyForDeploymentPostprocessing = 0;
		};
		FC1652AA22062EE800097AB9 /* Sources */ = {
			isa = PBXSourcesBuildPhase;
			buildActionMask = 2147483647;
			files = (
				FC1652B322062EE800097AB9 /* RxSwift_ExampleUITests.swift in Sources */,
			);
			runOnlyForDeploymentPostprocessing = 0;
		};
/* End PBXSourcesBuildPhase section */

/* Begin PBXTargetDependency section */
		FC1652A522062EE800097AB9 /* PBXTargetDependency */ = {
			isa = PBXTargetDependency;
			target = FC16528E22062EE700097AB9 /* RxSwift_Example */;
			targetProxy = FC1652A422062EE800097AB9 /* PBXContainerItemProxy */;
		};
		FC1652B022062EE800097AB9 /* PBXTargetDependency */ = {
			isa = PBXTargetDependency;
			target = FC16528E22062EE700097AB9 /* RxSwift_Example */;
			targetProxy = FC1652AF22062EE800097AB9 /* PBXContainerItemProxy */;
		};
/* End PBXTargetDependency section */

/* Begin PBXVariantGroup section */
		FC16529622062EE700097AB9 /* Main.storyboard */ = {
			isa = PBXVariantGroup;
			children = (
				FC16529722062EE700097AB9 /* Base */,
			);
			name = Main.storyboard;
			sourceTree = "<group>";
		};
		FC16529B22062EE800097AB9 /* LaunchScreen.storyboard */ = {
			isa = PBXVariantGroup;
			children = (
				FC16529C22062EE800097AB9 /* Base */,
			);
			name = LaunchScreen.storyboard;
			sourceTree = "<group>";
		};
/* End PBXVariantGroup section */

/* Begin XCBuildConfiguration section */
		FC1652B522062EE800097AB9 /* Debug */ = {
			isa = XCBuildConfiguration;
			buildSettings = {
				ALWAYS_SEARCH_USER_PATHS = NO;
				CLANG_ANALYZER_NONNULL = YES;
				CLANG_ANALYZER_NUMBER_OBJECT_CONVERSION = YES_AGGRESSIVE;
				CLANG_CXX_LANGUAGE_STANDARD = "gnu++14";
				CLANG_CXX_LIBRARY = "libc++";
				CLANG_ENABLE_MODULES = YES;
				CLANG_ENABLE_OBJC_ARC = YES;
				CLANG_ENABLE_OBJC_WEAK = YES;
				CLANG_WARN_BLOCK_CAPTURE_AUTORELEASING = YES;
				CLANG_WARN_BOOL_CONVERSION = YES;
				CLANG_WARN_COMMA = YES;
				CLANG_WARN_CONSTANT_CONVERSION = YES;
				CLANG_WARN_DEPRECATED_OBJC_IMPLEMENTATIONS = YES;
				CLANG_WARN_DIRECT_OBJC_ISA_USAGE = YES_ERROR;
				CLANG_WARN_DOCUMENTATION_COMMENTS = YES;
				CLANG_WARN_EMPTY_BODY = YES;
				CLANG_WARN_ENUM_CONVERSION = YES;
				CLANG_WARN_INFINITE_RECURSION = YES;
				CLANG_WARN_INT_CONVERSION = YES;
				CLANG_WARN_NON_LITERAL_NULL_CONVERSION = YES;
				CLANG_WARN_OBJC_IMPLICIT_RETAIN_SELF = YES;
				CLANG_WARN_OBJC_LITERAL_CONVERSION = YES;
				CLANG_WARN_OBJC_ROOT_CLASS = YES_ERROR;
				CLANG_WARN_RANGE_LOOP_ANALYSIS = YES;
				CLANG_WARN_STRICT_PROTOTYPES = YES;
				CLANG_WARN_SUSPICIOUS_MOVE = YES;
				CLANG_WARN_UNGUARDED_AVAILABILITY = YES_AGGRESSIVE;
				CLANG_WARN_UNREACHABLE_CODE = YES;
				CLANG_WARN__DUPLICATE_METHOD_MATCH = YES;
				CODE_SIGN_IDENTITY = "iPhone Developer";
				COPY_PHASE_STRIP = NO;
				DEBUG_INFORMATION_FORMAT = dwarf;
				ENABLE_STRICT_OBJC_MSGSEND = YES;
				ENABLE_TESTABILITY = YES;
				GCC_C_LANGUAGE_STANDARD = gnu11;
				GCC_DYNAMIC_NO_PIC = NO;
				GCC_NO_COMMON_BLOCKS = YES;
				GCC_OPTIMIZATION_LEVEL = 0;
				GCC_PREPROCESSOR_DEFINITIONS = (
					"DEBUG=1",
					"$(inherited)",
				);
				GCC_WARN_64_TO_32_BIT_CONVERSION = YES;
				GCC_WARN_ABOUT_RETURN_TYPE = YES_ERROR;
				GCC_WARN_UNDECLARED_SELECTOR = YES;
				GCC_WARN_UNINITIALIZED_AUTOS = YES_AGGRESSIVE;
				GCC_WARN_UNUSED_FUNCTION = YES;
				GCC_WARN_UNUSED_VARIABLE = YES;
				IPHONEOS_DEPLOYMENT_TARGET = 12.1;
				MTL_ENABLE_DEBUG_INFO = INCLUDE_SOURCE;
				MTL_FAST_MATH = YES;
				ONLY_ACTIVE_ARCH = YES;
				SDKROOT = iphoneos;
				SWIFT_ACTIVE_COMPILATION_CONDITIONS = DEBUG;
				SWIFT_OPTIMIZATION_LEVEL = "-Onone";
			};
			name = Debug;
		};
		FC1652B622062EE800097AB9 /* Release */ = {
			isa = XCBuildConfiguration;
			buildSettings = {
				ALWAYS_SEARCH_USER_PATHS = NO;
				CLANG_ANALYZER_NONNULL = YES;
				CLANG_ANALYZER_NUMBER_OBJECT_CONVERSION = YES_AGGRESSIVE;
				CLANG_CXX_LANGUAGE_STANDARD = "gnu++14";
				CLANG_CXX_LIBRARY = "libc++";
				CLANG_ENABLE_MODULES = YES;
				CLANG_ENABLE_OBJC_ARC = YES;
				CLANG_ENABLE_OBJC_WEAK = YES;
				CLANG_WARN_BLOCK_CAPTURE_AUTORELEASING = YES;
				CLANG_WARN_BOOL_CONVERSION = YES;
				CLANG_WARN_COMMA = YES;
				CLANG_WARN_CONSTANT_CONVERSION = YES;
				CLANG_WARN_DEPRECATED_OBJC_IMPLEMENTATIONS = YES;
				CLANG_WARN_DIRECT_OBJC_ISA_USAGE = YES_ERROR;
				CLANG_WARN_DOCUMENTATION_COMMENTS = YES;
				CLANG_WARN_EMPTY_BODY = YES;
				CLANG_WARN_ENUM_CONVERSION = YES;
				CLANG_WARN_INFINITE_RECURSION = YES;
				CLANG_WARN_INT_CONVERSION = YES;
				CLANG_WARN_NON_LITERAL_NULL_CONVERSION = YES;
				CLANG_WARN_OBJC_IMPLICIT_RETAIN_SELF = YES;
				CLANG_WARN_OBJC_LITERAL_CONVERSION = YES;
				CLANG_WARN_OBJC_ROOT_CLASS = YES_ERROR;
				CLANG_WARN_RANGE_LOOP_ANALYSIS = YES;
				CLANG_WARN_STRICT_PROTOTYPES = YES;
				CLANG_WARN_SUSPICIOUS_MOVE = YES;
				CLANG_WARN_UNGUARDED_AVAILABILITY = YES_AGGRESSIVE;
				CLANG_WARN_UNREACHABLE_CODE = YES;
				CLANG_WARN__DUPLICATE_METHOD_MATCH = YES;
				CODE_SIGN_IDENTITY = "iPhone Developer";
				COPY_PHASE_STRIP = NO;
				DEBUG_INFORMATION_FORMAT = "dwarf-with-dsym";
				ENABLE_NS_ASSERTIONS = NO;
				ENABLE_STRICT_OBJC_MSGSEND = YES;
				GCC_C_LANGUAGE_STANDARD = gnu11;
				GCC_NO_COMMON_BLOCKS = YES;
				GCC_WARN_64_TO_32_BIT_CONVERSION = YES;
				GCC_WARN_ABOUT_RETURN_TYPE = YES_ERROR;
				GCC_WARN_UNDECLARED_SELECTOR = YES;
				GCC_WARN_UNINITIALIZED_AUTOS = YES_AGGRESSIVE;
				GCC_WARN_UNUSED_FUNCTION = YES;
				GCC_WARN_UNUSED_VARIABLE = YES;
				IPHONEOS_DEPLOYMENT_TARGET = 12.1;
				MTL_ENABLE_DEBUG_INFO = NO;
				MTL_FAST_MATH = YES;
				SDKROOT = iphoneos;
				SWIFT_COMPILATION_MODE = wholemodule;
				SWIFT_OPTIMIZATION_LEVEL = "-O";
				VALIDATE_PRODUCT = YES;
			};
			name = Release;
		};
		FC1652B822062EE800097AB9 /* Debug */ = {
			isa = XCBuildConfiguration;
			buildSettings = {
				ASSETCATALOG_COMPILER_APPICON_NAME = AppIcon;
				CODE_SIGN_STYLE = Automatic;
				DEVELOPMENT_TEAM = EPWV8KDDJE;
				INFOPLIST_FILE = RxSwift_Example/Info.plist;
				LD_RUNPATH_SEARCH_PATHS = (
					"$(inherited)",
					"@executable_path/Frameworks",
				);
				PRODUCT_BUNDLE_IDENTIFIER = "com.GwangYongLee.RxSwift-Example";
				PRODUCT_NAME = "$(TARGET_NAME)";
				SWIFT_VERSION = 4.2;
				TARGETED_DEVICE_FAMILY = "1,2";
			};
			name = Debug;
		};
		FC1652B922062EE800097AB9 /* Release */ = {
			isa = XCBuildConfiguration;
			buildSettings = {
				ASSETCATALOG_COMPILER_APPICON_NAME = AppIcon;
				CODE_SIGN_STYLE = Automatic;
				DEVELOPMENT_TEAM = EPWV8KDDJE;
				INFOPLIST_FILE = RxSwift_Example/Info.plist;
				LD_RUNPATH_SEARCH_PATHS = (
					"$(inherited)",
					"@executable_path/Frameworks",
				);
				PRODUCT_BUNDLE_IDENTIFIER = "com.GwangYongLee.RxSwift-Example";
				PRODUCT_NAME = "$(TARGET_NAME)";
				SWIFT_VERSION = 4.2;
				TARGETED_DEVICE_FAMILY = "1,2";
			};
			name = Release;
		};
		FC1652BB22062EE800097AB9 /* Debug */ = {
			isa = XCBuildConfiguration;
			buildSettings = {
				ALWAYS_EMBED_SWIFT_STANDARD_LIBRARIES = YES;
				BUNDLE_LOADER = "$(TEST_HOST)";
				CODE_SIGN_STYLE = Automatic;
				DEVELOPMENT_TEAM = EPWV8KDDJE;
				INFOPLIST_FILE = RxSwift_ExampleTests/Info.plist;
				LD_RUNPATH_SEARCH_PATHS = (
					"$(inherited)",
					"@executable_path/Frameworks",
					"@loader_path/Frameworks",
				);
				PRODUCT_BUNDLE_IDENTIFIER = "com.GwangYongLee.RxSwift-ExampleTests";
				PRODUCT_NAME = "$(TARGET_NAME)";
				SWIFT_VERSION = 4.2;
				TARGETED_DEVICE_FAMILY = "1,2";
				TEST_HOST = "$(BUILT_PRODUCTS_DIR)/RxSwift_Example.app/RxSwift_Example";
			};
			name = Debug;
		};
		FC1652BC22062EE800097AB9 /* Release */ = {
			isa = XCBuildConfiguration;
			buildSettings = {
				ALWAYS_EMBED_SWIFT_STANDARD_LIBRARIES = YES;
				BUNDLE_LOADER = "$(TEST_HOST)";
				CODE_SIGN_STYLE = Automatic;
				DEVELOPMENT_TEAM = EPWV8KDDJE;
				INFOPLIST_FILE = RxSwift_ExampleTests/Info.plist;
				LD_RUNPATH_SEARCH_PATHS = (
					"$(inherited)",
					"@executable_path/Frameworks",
					"@loader_path/Frameworks",
				);
				PRODUCT_BUNDLE_IDENTIFIER = "com.GwangYongLee.RxSwift-ExampleTests";
				PRODUCT_NAME = "$(TARGET_NAME)";
				SWIFT_VERSION = 4.2;
				TARGETED_DEVICE_FAMILY = "1,2";
				TEST_HOST = "$(BUILT_PRODUCTS_DIR)/RxSwift_Example.app/RxSwift_Example";
			};
			name = Release;
		};
		FC1652BE22062EE800097AB9 /* Debug */ = {
			isa = XCBuildConfiguration;
			buildSettings = {
				ALWAYS_EMBED_SWIFT_STANDARD_LIBRARIES = YES;
				CODE_SIGN_STYLE = Automatic;
				DEVELOPMENT_TEAM = EPWV8KDDJE;
				INFOPLIST_FILE = RxSwift_ExampleUITests/Info.plist;
				LD_RUNPATH_SEARCH_PATHS = (
					"$(inherited)",
					"@executable_path/Frameworks",
					"@loader_path/Frameworks",
				);
				PRODUCT_BUNDLE_IDENTIFIER = "com.GwangYongLee.RxSwift-ExampleUITests";
				PRODUCT_NAME = "$(TARGET_NAME)";
				SWIFT_VERSION = 4.2;
				TARGETED_DEVICE_FAMILY = "1,2";
				TEST_TARGET_NAME = RxSwift_Example;
			};
			name = Debug;
		};
		FC1652BF22062EE800097AB9 /* Release */ = {
			isa = XCBuildConfiguration;
			buildSettings = {
				ALWAYS_EMBED_SWIFT_STANDARD_LIBRARIES = YES;
				CODE_SIGN_STYLE = Automatic;
				DEVELOPMENT_TEAM = EPWV8KDDJE;
				INFOPLIST_FILE = RxSwift_ExampleUITests/Info.plist;
				LD_RUNPATH_SEARCH_PATHS = (
					"$(inherited)",
					"@executable_path/Frameworks",
					"@loader_path/Frameworks",
				);
				PRODUCT_BUNDLE_IDENTIFIER = "com.GwangYongLee.RxSwift-ExampleUITests";
				PRODUCT_NAME = "$(TARGET_NAME)";
				SWIFT_VERSION = 4.2;
				TARGETED_DEVICE_FAMILY = "1,2";
				TEST_TARGET_NAME = RxSwift_Example;
			};
			name = Release;
		};
/* End XCBuildConfiguration section */

/* Begin XCConfigurationList section */
		FC16528A22062EE700097AB9 /* Build configuration list for PBXProject "RxSwift_Example" */ = {
			isa = XCConfigurationList;
			buildConfigurations = (
				FC1652B522062EE800097AB9 /* Debug */,
				FC1652B622062EE800097AB9 /* Release */,
			);
			defaultConfigurationIsVisible = 0;
			defaultConfigurationName = Release;
		};
		FC1652B722062EE800097AB9 /* Build configuration list for PBXNativeTarget "RxSwift_Example" */ = {
			isa = XCConfigurationList;
			buildConfigurations = (
				FC1652B822062EE800097AB9 /* Debug */,
				FC1652B922062EE800097AB9 /* Release */,
			);
			defaultConfigurationIsVisible = 0;
			defaultConfigurationName = Release;
		};
		FC1652BA22062EE800097AB9 /* Build configuration list for PBXNativeTarget "RxSwift_ExampleTests" */ = {
			isa = XCConfigurationList;
			buildConfigurations = (
				FC1652BB22062EE800097AB9 /* Debug */,
				FC1652BC22062EE800097AB9 /* Release */,
			);
			defaultConfigurationIsVisible = 0;
			defaultConfigurationName = Release;
		};
		FC1652BD22062EE800097AB9 /* Build configuration list for PBXNativeTarget "RxSwift_ExampleUITests" */ = {
			isa = XCConfigurationList;
			buildConfigurations = (
				FC1652BE22062EE800097AB9 /* Debug */,
				FC1652BF22062EE800097AB9 /* Release */,
			);
			defaultConfigurationIsVisible = 0;
			defaultConfigurationName = Release;
		};
/* End XCConfigurationList section */
	};
	rootObject = FC16528722062EE700097AB9 /* Project object */;
}
